NeoBundleLock caw.vim d4a4a73e00226adcaa772aa556d5adbb5be04b6f
NeoBundleLock colorizer 9d6dc32e6ec17615f9c0b286a989931db0f67542
NeoBundleLock emmet-vim 9c6d7836362ab10ce669bd343d4585e5a500e05c
NeoBundleLock html5.vim 9bfa00bdb3fdca07c490b527e5e6ec6c4b017d3b
NeoBundleLock jedi-vim 60bdff8eead7e7e12e3fc90e2cdc99b692a51847
NeoBundleLock neobundle.vim c6fa48cd665071b7a4dbf5ab53f48cd5884716ee
NeoBundleLock unite.vim ad15f96365b5cb43a45d0ca779df6a497f954f15
NeoBundleLock vim-autopep8 2262c8013f471433b58c32f5539a2870bfd509c0
NeoBundleLock vim-css3-syntax ff32d693f53b668047fe2f201e25a2742044c3e2
NeoBundleLock vim-fugitive 913fff1cea3aa1a08a360a494fa05555e59147f5
NeoBundleLock vim-processing ccba46b540919b6cb774368837f4f80aa49fb8a3
NeoBundleLock vim-quickrun 13e60587a503620bd7d0dd1b822c29e18350e461
NeoBundleLock vimproc.vim 03a38f283ca9e15784e8fea84e8afc5d633b9639
NeoBundleLock vimshell d0c5bef010237855b4de25863bc54895effe5d7a
